
Microsoft Visual Studio Solution File, Format Version 12.00
# Visual Studio 15
VisualStudioVersion = 15.0.27130.2027
MinimumVisualStudioVersion = 10.0.40219.1
Project("{FAE04EC0-301F-11D3-BF4B-00C04F79EFBC}") = "DFU.Android", "DFU\DFU.Android\DFU.Android.csproj", "{565560FF-2CF4-411A-BE6C-42EE095CCDA0}"
EndProject
Project("{FAE04EC0-301F-11D3-BF4B-00C04F79EFBC}") = "DFU.iOS", "DFU\DFU.iOS\DFU.iOS.csproj", "{F0F7A62B-0201-4505-ABD7-0E482601EF8C}"
EndProject
Project("{D954291E-2A0B-460D-934E-DC6B0785DB48}") = "DFU", "DFU\DFU\DFU.shproj", "{186B8246-7433-4F25-9AAD-9204A686F554}"
EndProject
Global
	GlobalSection(SharedMSBuildProjectFiles) = preSolution
		DFU\DFU\DFU.projitems*{186b8246-7433-4f25-9aad-9204a686f554}*SharedItemsImports = 13
		DFU\DFU\DFU.projitems*{565560ff-2cf4-411a-be6c-42ee095ccda0}*SharedItemsImports = 4
		DFU\DFU\DFU.projitems*{f0f7a62b-0201-4505-abd7-0e482601ef8c}*SharedItemsImports = 4
	EndGlobalSection
	GlobalSection(SolutionConfigurationPlatforms) = preSolution
		Ad-Hoc|Any CPU = Ad-Hoc|Any CPU
		Ad-Hoc|iPhone = Ad-Hoc|iPhone
		Ad-Hoc|iPhoneSimulator = Ad-Hoc|iPhoneSimulator
		AppStore|Any CPU = AppStore|Any CPU
		AppStore|iPhone = AppStore|iPhone
		AppStore|iPhoneSimulator = AppStore|iPhoneSimulator
		Debug|Any CPU = Debug|Any CPU
		Debug|iPhone = Debug|iPhone
		Debug|iPhoneSimulator = Debug|iPhoneSimulator
		Release|Any CPU = Release|Any CPU
		Release|iPhone = Release|iPhone
		Release|iPhoneSimulator = Release|iPhoneSimulator
	EndGlobalSection
	GlobalSection(ProjectConfigurationPlatforms) = postSolution
		{565560FF-2CF4-411A-BE6C-42EE095CCDA0}.Ad-Hoc|Any CPU.ActiveCfg = Release|Any CPU
		{565560FF-2CF4-411A-BE6C-42EE095CCDA0}.Ad-Hoc|Any CPU.Build.0 = Release|Any CPU
		{565560FF-2CF4-411A-BE6C-42EE095CCDA0}.Ad-Hoc|Any CPU.Deploy.0 = Release|Any CPU
		{565560FF-2CF4-411A-BE6C-42EE095CCDA0}.Ad-Hoc|iPhone.ActiveCfg = Release|Any CPU
		{565560FF-2CF4-411A-BE6C-42EE095CCDA0}.Ad-Hoc|iPhone.Build.0 = Release|Any CPU
		{565560FF-2CF4-411A-BE6C-42EE095CCDA0}.Ad-Hoc|iPhone.Deploy.0 = Release|Any CPU
		{565560FF-2CF4-411A-BE6C-42EE095CCDA0}.Ad-Hoc|iPhoneSimulator.ActiveCfg = Release|Any CPU
		{565560FF-2CF4-411A-BE6C-42EE095CCDA0}.Ad-Hoc|iPhoneSimulator.Build.0 = Release|Any CPU
		{565560FF-2CF4-411A-BE6C-42EE095CCDA0}.Ad-Hoc|iPhoneSimulator.Deploy.0 = Release|Any CPU
		{565560FF-2CF4-411A-BE6C-42EE095CCDA0}.AppStore|Any CPU.ActiveCfg = Release|Any CPU
		{565560FF-2CF4-411A-BE6C-42EE095CCDA0}.AppStore|Any CPU.Build.0 = Release|Any CPU
		{565560FF-2CF4-411A-BE6C-42EE095CCDA0}.AppStore|Any CPU.Deploy.0 = Release|Any CPU
		{565560FF-2CF4-411A-BE6C-42EE095CCDA0}.AppStore|iPhone.ActiveCfg = Release|Any CPU
		{565560FF-2CF4-411A-BE6C-42EE095CCDA0}.AppStore|iPhone.Build.0 = Release|Any CPU
		{565560FF-2CF4-411A-BE6C-42EE095CCDA0}.AppStore|iPhone.Deploy.0 = Release|Any CPU
		{565560FF-2CF4-411A-BE6C-42EE095CCDA0}.AppStore|iPhoneSimulator.ActiveCfg = Release|Any CPU
		{565560FF-2CF4-411A-BE6C-42EE095CCDA0}.AppStore|iPhoneSimulator.Build.0 = Release|Any CPU
		{565560FF-2CF4-411A-BE6C-42EE095CCDA0}.AppStore|iPhoneSimulator.Deploy.0 = Release|Any CPU
		{565560FF-2CF4-411A-BE6C-42EE095CCDA0}.Debug|Any CPU.ActiveCfg = Debug|Any CPU
		{565560FF-2CF4-411A-BE6C-42EE095CCDA0}.Debug|Any CPU.Build.0 = Debug|Any CPU
		{565560FF-2CF4-411A-BE6C-42EE095CCDA0}.Debug|Any CPU.Deploy.0 = Debug|Any CPU
		{565560FF-2CF4-411A-BE6C-42EE095CCDA0}.Debug|iPhone.ActiveCfg = Debug|Any CPU
		{565560FF-2CF4-411A-BE6C-42EE095CCDA0}.Debug|iPhone.Build.0 = Debug|Any CPU
		{565560FF-2CF4-411A-BE6C-42EE095CCDA0}.Debug|iPhone.Deploy.0 = Debug|Any CPU
		{565560FF-2CF4-411A-BE6C-42EE095CCDA0}.Debug|iPhoneSimulator.ActiveCfg = Debug|Any CPU
		{565560FF-2CF4-411A-BE6C-42EE095CCDA0}.Debug|iPhoneSimulator.Build.0 = Debug|Any CPU
		{565560FF-2CF4-411A-BE6C-42EE095CCDA0}.Debug|iPhoneSimulator.Deploy.0 = Debug|Any CPU
		{565560FF-2CF4-411A-BE6C-42EE095CCDA0}.Release|Any CPU.ActiveCfg = Release|Any CPU
		{565560FF-2CF4-411A-BE6C-42EE095CCDA0}.Release|Any CPU.Build.0 = Release|Any CPU
		{565560FF-2CF4-411A-BE6C-42EE095CCDA0}.Release|Any CPU.Deploy.0 = Release|Any CPU
		{565560FF-2CF4-411A-BE6C-42EE095CCDA0}.Release|iPhone.ActiveCfg = Release|Any CPU
		{565560FF-2CF4-411A-BE6C-42EE095CCDA0}.Release|iPhone.Build.0 = Release|Any CPU
		{565560FF-2CF4-411A-BE6C-42EE095CCDA0}.Release|iPhone.Deploy.0 = Release|Any CPU
		{565560FF-2CF4-411A-BE6C-42EE095CCDA0}.Release|iPhoneSimulator.ActiveCfg = Release|Any CPU
		{565560FF-2CF4-411A-BE6C-42EE095CCDA0}.Release|iPhoneSimulator.Build.0 = Release|Any CPU
		{565560FF-2CF4-411A-BE6C-42EE095CCDA0}.Release|iPhoneSimulator.Deploy.0 = Release|Any CPU
		{F0F7A62B-0201-4505-ABD7-0E482601EF8C}.Ad-Hoc|Any CPU.ActiveCfg = Ad-Hoc|iPhone
		{F0F7A62B-0201-4505-ABD7-0E482601EF8C}.Ad-Hoc|iPhone.ActiveCfg = Ad-Hoc|iPhone
		{F0F7A62B-0201-4505-ABD7-0E482601EF8C}.Ad-Hoc|iPhone.Build.0 = Ad-Hoc|iPhone
		{F0F7A62B-0201-4505-ABD7-0E482601EF8C}.Ad-Hoc|iPhoneSimulator.ActiveCfg = Ad-Hoc|iPhoneSimulator
		{F0F7A62B-0201-4505-ABD7-0E482601EF8C}.Ad-Hoc|iPhoneSimulator.Build.0 = Ad-Hoc|iPhoneSimulator
		{F0F7A62B-0201-4505-ABD7-0E482601EF8C}.AppStore|Any CPU.ActiveCfg = AppStore|iPhone
		{F0F7A62B-0201-4505-ABD7-0E482601EF8C}.AppStore|iPhone.ActiveCfg = AppStore|iPhone
		{F0F7A62B-0201-4505-ABD7-0E482601EF8C}.AppStore|iPhone.Build.0 = AppStore|iPhone
		{F0F7A62B-0201-4505-ABD7-0E482601EF8C}.AppStore|iPhoneSimulator.ActiveCfg = AppStore|iPhoneSimulator
		{F0F7A62B-0201-4505-ABD7-0E482601EF8C}.AppStore|iPhoneSimulator.Build.0 = AppStore|iPhoneSimulator
		{F0F7A62B-0201-4505-ABD7-0E482601EF8C}.Debug|Any CPU.ActiveCfg = Debug|iPhone
		{F0F7A62B-0201-4505-ABD7-0E482601EF8C}.Debug|iPhone.ActiveCfg = Debug|iPhone
		{F0F7A62B-0201-4505-ABD7-0E482601EF8C}.Debug|iPhone.Build.0 = Debug|iPhone
		{F0F7A62B-0201-4505-ABD7-0E482601EF8C}.Debug|iPhoneSimulator.ActiveCfg = Debug|iPhoneSimulator
		{F0F7A62B-0201-4505-ABD7-0E482601EF8C}.Debug|iPhoneSimulator.Build.0 = Debug|iPhoneSimulator
		{F0F7A62B-0201-4505-ABD7-0E482601EF8C}.Release|Any CPU.ActiveCfg = Release|iPhone
		{F0F7A62B-0201-4505-ABD7-0E482601EF8C}.Release|iPhone.ActiveCfg = Release|iPhone
		{F0F7A62B-0201-4505-ABD7-0E482601EF8C}.Release|iPhone.Build.0 = Release|iPhone
		{F0F7A62B-0201-4505-ABD7-0E482601EF8C}.Release|iPhoneSimulator.ActiveCfg = Release|iPhoneSimulator
		{F0F7A62B-0201-4505-ABD7-0E482601EF8C}.Release|iPhoneSimulator.Build.0 = Release|iPhoneSimulator
	EndGlobalSection
	GlobalSection(SolutionProperties) = preSolution
		HideSolutionNode = FALSE
	EndGlobalSection
	GlobalSection(ExtensibilityGlobals) = postSolution
		SolutionGuid = {7631B042-C923-4D58-A87F-6FF41A368E05}
	EndGlobalSection
EndGlobal
